
Microsoft Visual Studio Solution File, Format Version 12.00
# Visual Studio Version 17
VisualStudioVersion = 17.2.32630.192
MinimumVisualStudioVersion = 10.0.40219.1
Project("{FAE04EC0-301F-11D3-BF4B-00C04F79EFBC}") = "ProjektZkouska", "ProjektZkouska\ProjektZkouska.csproj", "{94236E3E-E453-4D41-9333-132B4D4218D6}"
EndProject
Global
	GlobalSection(SolutionConfigurationPlatforms) = preSolution
		Debug|Any CPU = Debug|Any CPU
		Release|Any CPU = Release|Any CPU
	EndGlobalSection
	GlobalSection(ProjectConfigurationPlatforms) = postSolution
		{94236E3E-E453-4D41-9333-132B4D4218D6}.Debug|Any CPU.ActiveCfg = Debug|Any CPU
		{94236E3E-E453-4D41-9333-132B4D4218D6}.Debug|Any CPU.Build.0 = Debug|Any CPU
		{94236E3E-E453-4D41-9333-132B4D4218D6}.Release|Any CPU.ActiveCfg = Release|Any CPU
		{94236E3E-E453-4D41-9333-132B4D4218D6}.Release|Any CPU.Build.0 = Release|Any CPU
	EndGlobalSection
	GlobalSection(SolutionProperties) = preSolution
		HideSolutionNode = FALSE
	EndGlobalSection
	GlobalSection(ExtensibilityGlobals) = postSolution
		SolutionGuid = {1D165D83-2345-492B-A860-B50BDB2145DF}
	EndGlobalSection
EndGlobal
